
Microsoft Visual Studio Solution File, Format Version 12.00
# Visual Studio Version 17
VisualStudioVersion = 17.8.34330.188
MinimumVisualStudioVersion = 10.0.40219.1
Project("{9A19103F-16F7-4668-BE54-9A1E7A4F7556}") = "UniversityApi", "UniversityApi\UniversityApi.csproj", "{77B1B6FD-9F08-4396-BD40-8C94C1F981A2}"
EndProject
Project("{2150E333-8FDC-42A3-9474-1A3956D46DE8}") = "Solution Items", "Solution Items", "{162339D7-CF41-44A9-851D-2B031A3C2EED}"
	ProjectSection(SolutionItems) = preProject
		.gitignore = .gitignore
		README.md = README.md
	EndProjectSection
EndProject
Project("{FAE04EC0-301F-11D3-BF4B-00C04F79EFBC}") = "UniversityApiTests", "UniversityApiTests\UniversityApiTests.csproj", "{4FBDE7B5-25CD-432D-913F-A55231A9B5F7}"
EndProject
Global
	GlobalSection(SolutionConfigurationPlatforms) = preSolution
		Debug|Any CPU = Debug|Any CPU
		Release|Any CPU = Release|Any CPU
	EndGlobalSection
	GlobalSection(ProjectConfigurationPlatforms) = postSolution
		{77B1B6FD-9F08-4396-BD40-8C94C1F981A2}.Debug|Any CPU.ActiveCfg = Debug|Any CPU
		{77B1B6FD-9F08-4396-BD40-8C94C1F981A2}.Debug|Any CPU.Build.0 = Debug|Any CPU
		{77B1B6FD-9F08-4396-BD40-8C94C1F981A2}.Release|Any CPU.ActiveCfg = Release|Any CPU
		{77B1B6FD-9F08-4396-BD40-8C94C1F981A2}.Release|Any CPU.Build.0 = Release|Any CPU
		{4FBDE7B5-25CD-432D-913F-A55231A9B5F7}.Debug|Any CPU.ActiveCfg = Debug|Any CPU
		{4FBDE7B5-25CD-432D-913F-A55231A9B5F7}.Debug|Any CPU.Build.0 = Debug|Any CPU
		{4FBDE7B5-25CD-432D-913F-A55231A9B5F7}.Release|Any CPU.ActiveCfg = Release|Any CPU
		{4FBDE7B5-25CD-432D-913F-A55231A9B5F7}.Release|Any CPU.Build.0 = Release|Any CPU
	EndGlobalSection
	GlobalSection(SolutionProperties) = preSolution
		HideSolutionNode = FALSE
	EndGlobalSection
	GlobalSection(ExtensibilityGlobals) = postSolution
		SolutionGuid = {10786B35-6D1D-40D4-B586-53AAAE91B709}
	EndGlobalSection
EndGlobal
